
Microsoft Visual Studio Solution File, Format Version 12.00
# Visual Studio 14
VisualStudioVersion = 14.0.25420.1
MinimumVisualStudioVersion = 10.0.40219.1
Project("{FAE04EC0-301F-11D3-BF4B-00C04F79EFBC}") = "Lynet", "Lynet\Lynet.csproj", "{67CF8386-B349-483E-B600-4E2C77886230}"
EndProject
Project("{FAE04EC0-301F-11D3-BF4B-00C04F79EFBC}") = "Lynet.Tests", "Lynet.Tests\Lynet.Tests.csproj", "{C07BFA75-4BE5-4CD1-A157-8A6FEBE7CECF}"
EndProject
Global
	GlobalSection(SolutionConfigurationPlatforms) = preSolution
		Debug|Any CPU = Debug|Any CPU
		Release|Any CPU = Release|Any CPU
	EndGlobalSection
	GlobalSection(ProjectConfigurationPlatforms) = postSolution
		{67CF8386-B349-483E-B600-4E2C77886230}.Debug|Any CPU.ActiveCfg = Debug|Any CPU
		{67CF8386-B349-483E-B600-4E2C77886230}.Debug|Any CPU.Build.0 = Debug|Any CPU
		{67CF8386-B349-483E-B600-4E2C77886230}.Release|Any CPU.ActiveCfg = Release|Any CPU
		{67CF8386-B349-483E-B600-4E2C77886230}.Release|Any CPU.Build.0 = Release|Any CPU
		{C07BFA75-4BE5-4CD1-A157-8A6FEBE7CECF}.Debug|Any CPU.ActiveCfg = Debug|Any CPU
		{C07BFA75-4BE5-4CD1-A157-8A6FEBE7CECF}.Debug|Any CPU.Build.0 = Debug|Any CPU
		{C07BFA75-4BE5-4CD1-A157-8A6FEBE7CECF}.Release|Any CPU.ActiveCfg = Release|Any CPU
		{C07BFA75-4BE5-4CD1-A157-8A6FEBE7CECF}.Release|Any CPU.Build.0 = Release|Any CPU
	EndGlobalSection
	GlobalSection(SolutionProperties) = preSolution
		HideSolutionNode = FALSE
	EndGlobalSection
EndGlobal
